
Microsoft Visual Studio Solution File, Format Version 12.00
# Visual Studio Version 17
VisualStudioVersion = 17.5.33424.131
MinimumVisualStudioVersion = 10.0.40219.1
Project("{FAE04EC0-301F-11D3-BF4B-00C04F79EFBC}") = "FormLogin", "FolhaPagamento\FormLogin.csproj", "{E043358A-F88D-4BDB-895B-18B3F7BB0DD5}"
EndProject
Global
	GlobalSection(SolutionConfigurationPlatforms) = preSolution
		Debug|Any CPU = Debug|Any CPU
		Release|Any CPU = Release|Any CPU
	EndGlobalSection
	GlobalSection(ProjectConfigurationPlatforms) = postSolution
		{E043358A-F88D-4BDB-895B-18B3F7BB0DD5}.Debug|Any CPU.ActiveCfg = Debug|Any CPU
		{E043358A-F88D-4BDB-895B-18B3F7BB0DD5}.Debug|Any CPU.Build.0 = Debug|Any CPU
		{E043358A-F88D-4BDB-895B-18B3F7BB0DD5}.Release|Any CPU.ActiveCfg = Release|Any CPU
		{E043358A-F88D-4BDB-895B-18B3F7BB0DD5}.Release|Any CPU.Build.0 = Release|Any CPU
	EndGlobalSection
	GlobalSection(SolutionProperties) = preSolution
		HideSolutionNode = FALSE
	EndGlobalSection
	GlobalSection(ExtensibilityGlobals) = postSolution
		SolutionGuid = {95268E9D-089D-41E9-BB3A-01B2854598FE}
	EndGlobalSection
EndGlobal
